
Microsoft Visual Studio Solution File, Format Version 12.00
# Visual Studio Version 17
VisualStudioVersion = 17.2.32630.192
MinimumVisualStudioVersion = 10.0.40219.1
Project("{9A19103F-16F7-4668-BE54-9A1E7A4F7556}") = "Übung_2", "Übung_2\Übung_2.csproj", "{65386FE9-2812-4A38-885E-A349F4C1983E}"
EndProject
Project("{FAE04EC0-301F-11D3-BF4B-00C04F79EFBC}") = "Übung_3", "Übung_3\Übung_3.csproj", "{E4035AD9-613F-4DF1-9266-39BE905994A1}"
EndProject
Project("{9A19103F-16F7-4668-BE54-9A1E7A4F7556}") = "Übung_1", "Übung_1\Übung_1.csproj", "{C4A5DE5F-3915-49EC-8B59-18016C5E8C8B}"
EndProject
Global
	GlobalSection(SolutionConfigurationPlatforms) = preSolution
		Debug|Any CPU = Debug|Any CPU
		Release|Any CPU = Release|Any CPU
	EndGlobalSection
	GlobalSection(ProjectConfigurationPlatforms) = postSolution
		{65386FE9-2812-4A38-885E-A349F4C1983E}.Debug|Any CPU.ActiveCfg = Debug|Any CPU
		{65386FE9-2812-4A38-885E-A349F4C1983E}.Debug|Any CPU.Build.0 = Debug|Any CPU
		{65386FE9-2812-4A38-885E-A349F4C1983E}.Release|Any CPU.ActiveCfg = Release|Any CPU
		{65386FE9-2812-4A38-885E-A349F4C1983E}.Release|Any CPU.Build.0 = Release|Any CPU
		{E4035AD9-613F-4DF1-9266-39BE905994A1}.Debug|Any CPU.ActiveCfg = Debug|Any CPU
		{E4035AD9-613F-4DF1-9266-39BE905994A1}.Debug|Any CPU.Build.0 = Debug|Any CPU
		{E4035AD9-613F-4DF1-9266-39BE905994A1}.Release|Any CPU.ActiveCfg = Release|Any CPU
		{E4035AD9-613F-4DF1-9266-39BE905994A1}.Release|Any CPU.Build.0 = Release|Any CPU
		{C4A5DE5F-3915-49EC-8B59-18016C5E8C8B}.Debug|Any CPU.ActiveCfg = Debug|Any CPU
		{C4A5DE5F-3915-49EC-8B59-18016C5E8C8B}.Debug|Any CPU.Build.0 = Debug|Any CPU
		{C4A5DE5F-3915-49EC-8B59-18016C5E8C8B}.Release|Any CPU.ActiveCfg = Release|Any CPU
		{C4A5DE5F-3915-49EC-8B59-18016C5E8C8B}.Release|Any CPU.Build.0 = Release|Any CPU
	EndGlobalSection
	GlobalSection(SolutionProperties) = preSolution
		HideSolutionNode = FALSE
	EndGlobalSection
	GlobalSection(ExtensibilityGlobals) = postSolution
		SolutionGuid = {8C0C8701-A274-4E58-A4B3-8E68B900986D}
	EndGlobalSection
EndGlobal
